// !$*UTF8*$!
{
	archiveVersion = 1;
	classes = {
	};
	objectVersion = 50;
	objects = {

/* Begin PBXBuildFile section */
		3DB6E11226B3EEEF0026326B /* AppDelegate.swift in Sources */ = {isa = PBXBuildFile; fileRef = 3DB6E11126B3EEEF0026326B /* AppDelegate.swift */; };
		3DB6E11626B3EEEF0026326B /* HomeViewController.swift in Sources */ = {isa = PBXBuildFile; fileRef = 3DB6E11526B3EEEF0026326B /* HomeViewController.swift */; };
		3DB6E11B26B3EEF00026326B /* Assets.xcassets in Resources */ = {isa = PBXBuildFile; fileRef = 3DB6E11A26B3EEF00026326B /* Assets.xcassets */; };
		3DB6E12926B3EEF00026326B /* ForecappTests.swift in Sources */ = {isa = PBXBuildFile; fileRef = 3DB6E12826B3EEF00026326B /* ForecappTests.swift */; };
		3DB6E13426B3EEF00026326B /* ForecappUITests.swift in Sources */ = {isa = PBXBuildFile; fileRef = 3DB6E13326B3EEF00026326B /* ForecappUITests.swift */; };
		3DB6E14526B3F8270026326B /* HomeViewModel.swift in Sources */ = {isa = PBXBuildFile; fileRef = 3DB6E14426B3F8270026326B /* HomeViewModel.swift */; };
		3DB6E14826B400AC0026326B /* WeatherObservation.swift in Sources */ = {isa = PBXBuildFile; fileRef = 3DB6E14726B400AC0026326B /* WeatherObservation.swift */; };
		3DB6E14A26B401B40026326B /* ForecaClient.swift in Sources */ = {isa = PBXBuildFile; fileRef = 3DB6E14926B401B40026326B /* ForecaClient.swift */; };
		3DC59FD226B7F65D00F8CA3B /* AppCoordinator.swift in Sources */ = {isa = PBXBuildFile; fileRef = 3DC59FD126B7F65D00F8CA3B /* AppCoordinator.swift */; };
/* End PBXBuildFile section */

/* Begin PBXContainerItemProxy section */
		3DB6E12526B3EEF00026326B /* PBXContainerItemProxy */ = {
			isa = PBXContainerItemProxy;
			containerPortal = 3DB6E10626B3EEEF0026326B /* Project object */;
			proxyType = 1;
			remoteGlobalIDString = 3DB6E10D26B3EEEF0026326B;
			remoteInfo = Forecapp;
		};
		3DB6E13026B3EEF00026326B /* PBXContainerItemProxy */ = {
			isa = PBXContainerItemProxy;
			containerPortal = 3DB6E10626B3EEEF0026326B /* Project object */;
			proxyType = 1;
			remoteGlobalIDString = 3DB6E10D26B3EEEF0026326B;
			remoteInfo = Forecapp;
		};
/* End PBXContainerItemProxy section */

/* Begin PBXFileReference section */
		3DB6E10E26B3EEEF0026326B /* Forecapp.app */ = {isa = PBXFileReference; explicitFileType = wrapper.application; includeInIndex = 0; path = Forecapp.app; sourceTree = BUILT_PRODUCTS_DIR; };
		3DB6E11126B3EEEF0026326B /* AppDelegate.swift */ = {isa = PBXFileReference; lastKnownFileType = sourcecode.swift; path = AppDelegate.swift; sourceTree = "<group>"; };
		3DB6E11526B3EEEF0026326B /* HomeViewController.swift */ = {isa = PBXFileReference; lastKnownFileType = sourcecode.swift; path = HomeViewController.swift; sourceTree = "<group>"; };
		3DB6E11A26B3EEF00026326B /* Assets.xcassets */ = {isa = PBXFileReference; lastKnownFileType = folder.assetcatalog; path = Assets.xcassets; sourceTree = "<group>"; };
		3DB6E11F26B3EEF00026326B /* Info.plist */ = {isa = PBXFileReference; lastKnownFileType = text.plist.xml; path = Info.plist; sourceTree = "<group>"; };
		3DB6E12426B3EEF00026326B /* ForecappTests.xctest */ = {isa = PBXFileReference; explicitFileType = wrapper.cfbundle; includeInIndex = 0; path = ForecappTests.xctest; sourceTree = BUILT_PRODUCTS_DIR; };
		3DB6E12826B3EEF00026326B /* ForecappTests.swift */ = {isa = PBXFileReference; lastKnownFileType = sourcecode.swift; path = ForecappTests.swift; sourceTree = "<group>"; };
		3DB6E12A26B3EEF00026326B /* Info.plist */ = {isa = PBXFileReference; lastKnownFileType = text.plist.xml; path = Info.plist; sourceTree = "<group>"; };
		3DB6E12F26B3EEF00026326B /* ForecappUITests.xctest */ = {isa = PBXFileReference; explicitFileType = wrapper.cfbundle; includeInIndex = 0; path = ForecappUITests.xctest; sourceTree = BUILT_PRODUCTS_DIR; };
		3DB6E13326B3EEF00026326B /* ForecappUITests.swift */ = {isa = PBXFileReference; lastKnownFileType = sourcecode.swift; path = ForecappUITests.swift; sourceTree = "<group>"; };
		3DB6E13526B3EEF00026326B /* Info.plist */ = {isa = PBXFileReference; lastKnownFileType = text.plist.xml; path = Info.plist; sourceTree = "<group>"; };
		3DB6E14126B3F15C0026326B /* README.md */ = {isa = PBXFileReference; lastKnownFileType = net.daringfireball.markdown; path = README.md; sourceTree = "<group>"; };
		3DB6E14426B3F8270026326B /* HomeViewModel.swift */ = {isa = PBXFileReference; lastKnownFileType = sourcecode.swift; path = HomeViewModel.swift; sourceTree = "<group>"; };
		3DB6E14726B400AC0026326B /* WeatherObservation.swift */ = {isa = PBXFileReference; lastKnownFileType = sourcecode.swift; path = WeatherObservation.swift; sourceTree = "<group>"; };
		3DB6E14926B401B40026326B /* ForecaClient.swift */ = {isa = PBXFileReference; lastKnownFileType = sourcecode.swift; path = ForecaClient.swift; sourceTree = "<group>"; };
		3DC59FD126B7F65D00F8CA3B /* AppCoordinator.swift */ = {isa = PBXFileReference; lastKnownFileType = sourcecode.swift; path = AppCoordinator.swift; sourceTree = "<group>"; };
/* End PBXFileReference section */

/* Begin PBXFrameworksBuildPhase section */
		3DB6E10B26B3EEEF0026326B /* Frameworks */ = {
			isa = PBXFrameworksBuildPhase;
			buildActionMask = 2147483647;
			files = (
			);
			runOnlyForDeploymentPostprocessing = 0;
		};
		3DB6E12126B3EEF00026326B /* Frameworks */ = {
			isa = PBXFrameworksBuildPhase;
			buildActionMask = 2147483647;
			files = (
			);
			runOnlyForDeploymentPostprocessing = 0;
		};
		3DB6E12C26B3EEF00026326B /* Frameworks */ = {
			isa = PBXFrameworksBuildPhase;
			buildActionMask = 2147483647;
			files = (
			);
			runOnlyForDeploymentPostprocessing = 0;
		};
/* End PBXFrameworksBuildPhase section */

/* Begin PBXGroup section */
		3DB6E10526B3EEEF0026326B = {
			isa = PBXGroup;
			children = (
				3DB6E14126B3F15C0026326B /* README.md */,
				3DB6E11026B3EEEF0026326B /* Forecapp */,
				3DB6E12726B3EEF00026326B /* ForecappTests */,
				3DB6E13226B3EEF00026326B /* ForecappUITests */,
				3DB6E10F26B3EEEF0026326B /* Products */,
			);
			sourceTree = "<group>";
		};
		3DB6E10F26B3EEEF0026326B /* Products */ = {
			isa = PBXGroup;
			children = (
				3DB6E10E26B3EEEF0026326B /* Forecapp.app */,
				3DB6E12426B3EEF00026326B /* ForecappTests.xctest */,
				3DB6E12F26B3EEF00026326B /* ForecappUITests.xctest */,
			);
			name = Products;
			sourceTree = "<group>";
		};
		3DB6E11026B3EEEF0026326B /* Forecapp */ = {
			isa = PBXGroup;
			children = (
				3DC59FD026B7F63900F8CA3B /* Coordinator */,
				3DB6E14226B3F6800026326B /* View */,
				3DB6E14326B3F80A0026326B /* ViewModel */,
				3DB6E14626B400780026326B /* Model */,
				3DB6E11126B3EEEF0026326B /* AppDelegate.swift */,
				3DB6E11A26B3EEF00026326B /* Assets.xcassets */,
				3DB6E11F26B3EEF00026326B /* Info.plist */,
			);
			path = Forecapp;
			sourceTree = "<group>";
		};
		3DB6E12726B3EEF00026326B /* ForecappTests */ = {
			isa = PBXGroup;
			children = (
				3DB6E12826B3EEF00026326B /* ForecappTests.swift */,
				3DB6E12A26B3EEF00026326B /* Info.plist */,
			);
			path = ForecappTests;
			sourceTree = "<group>";
		};
		3DB6E13226B3EEF00026326B /* ForecappUITests */ = {
			isa = PBXGroup;
			children = (
				3DB6E13326B3EEF00026326B /* ForecappUITests.swift */,
				3DB6E13526B3EEF00026326B /* Info.plist */,
			);
			path = ForecappUITests;
			sourceTree = "<group>";
		};
		3DB6E14226B3F6800026326B /* View */ = {
			isa = PBXGroup;
			children = (
				3DB6E11526B3EEEF0026326B /* HomeViewController.swift */,
			);
			path = View;
			sourceTree = "<group>";
		};
		3DB6E14326B3F80A0026326B /* ViewModel */ = {
			isa = PBXGroup;
			children = (
				3DB6E14426B3F8270026326B /* HomeViewModel.swift */,
			);
			path = ViewModel;
			sourceTree = "<group>";
		};
		3DB6E14626B400780026326B /* Model */ = {
			isa = PBXGroup;
			children = (
				3DB6E14726B400AC0026326B /* WeatherObservation.swift */,
				3DB6E14926B401B40026326B /* ForecaClient.swift */,
			);
			path = Model;
			sourceTree = "<group>";
		};
		3DC59FD026B7F63900F8CA3B /* Coordinator */ = {
			isa = PBXGroup;
			children = (
				3DC59FD126B7F65D00F8CA3B /* AppCoordinator.swift */,
			);
			path = Coordinator;
			sourceTree = "<group>";
		};
/* End PBXGroup section */

/* Begin PBXNativeTarget section */
		3DB6E10D26B3EEEF0026326B /* Forecapp */ = {
			isa = PBXNativeTarget;
			buildConfigurationList = 3DB6E13826B3EEF00026326B /* Build configuration list for PBXNativeTarget "Forecapp" */;
			buildPhases = (
				3DB6E10A26B3EEEF0026326B /* Sources */,
				3DB6E10B26B3EEEF0026326B /* Frameworks */,
				3DB6E10C26B3EEEF0026326B /* Resources */,
			);
			buildRules = (
			);
			dependencies = (
			);
			name = Forecapp;
			productName = Forecapp;
			productReference = 3DB6E10E26B3EEEF0026326B /* Forecapp.app */;
			productType = "com.apple.product-type.application";
		};
		3DB6E12326B3EEF00026326B /* ForecappTests */ = {
			isa = PBXNativeTarget;
			buildConfigurationList = 3DB6E13B26B3EEF00026326B /* Build configuration list for PBXNativeTarget "ForecappTests" */;
			buildPhases = (
				3DB6E12026B3EEF00026326B /* Sources */,
				3DB6E12126B3EEF00026326B /* Frameworks */,
				3DB6E12226B3EEF00026326B /* Resources */,
			);
			buildRules = (
			);
			dependencies = (
				3DB6E12626B3EEF00026326B /* PBXTargetDependency */,
			);
			name = ForecappTests;
			productName = ForecappTests;
			productReference = 3DB6E12426B3EEF00026326B /* ForecappTests.xctest */;
			productType = "com.apple.product-type.bundle.unit-test";
		};
		3DB6E12E26B3EEF00026326B /* ForecappUITests */ = {
			isa = PBXNativeTarget;
			buildConfigurationList = 3DB6E13E26B3EEF00026326B /* Build configuration list for PBXNativeTarget "ForecappUITests" */;
			buildPhases = (
				3DB6E12B26B3EEF00026326B /* Sources */,
				3DB6E12C26B3EEF00026326B /* Frameworks */,
				3DB6E12D26B3EEF00026326B /* Resources */,
			);
			buildRules = (
			);
			dependencies = (
				3DB6E13126B3EEF00026326B /* PBXTargetDependency */,
			);
			name = ForecappUITests;
			productName = ForecappUITests;
			productReference = 3DB6E12F26B3EEF00026326B /* ForecappUITests.xctest */;
			productType = "com.apple.product-type.bundle.ui-testing";
		};
/* End PBXNativeTarget section */

/* Begin PBXProject section */
		3DB6E10626B3EEEF0026326B /* Project object */ = {
			isa = PBXProject;
			attributes = {
				LastSwiftUpdateCheck = 1250;
				LastUpgradeCheck = 1250;
				TargetAttributes = {
					3DB6E10D26B3EEEF0026326B = {
						CreatedOnToolsVersion = 12.5.1;
					};
					3DB6E12326B3EEF00026326B = {
						CreatedOnToolsVersion = 12.5.1;
						TestTargetID = 3DB6E10D26B3EEEF0026326B;
					};
					3DB6E12E26B3EEF00026326B = {
						CreatedOnToolsVersion = 12.5.1;
						TestTargetID = 3DB6E10D26B3EEEF0026326B;
					};
				};
			};
			buildConfigurationList = 3DB6E10926B3EEEF0026326B /* Build configuration list for PBXProject "Forecapp" */;
			compatibilityVersion = "Xcode 9.3";
			developmentRegion = en;
			hasScannedForEncodings = 0;
			knownRegions = (
				en,
				Base,
			);
			mainGroup = 3DB6E10526B3EEEF0026326B;
			productRefGroup = 3DB6E10F26B3EEEF0026326B /* Products */;
			projectDirPath = "";
			projectRoot = "";
			targets = (
				3DB6E10D26B3EEEF0026326B /* Forecapp */,
				3DB6E12326B3EEF00026326B /* ForecappTests */,
				3DB6E12E26B3EEF00026326B /* ForecappUITests */,
			);
		};
/* End PBXProject section */

/* Begin PBXResourcesBuildPhase section */
		3DB6E10C26B3EEEF0026326B /* Resources */ = {
			isa = PBXResourcesBuildPhase;
			buildActionMask = 2147483647;
			files = (
				3DB6E11B26B3EEF00026326B /* Assets.xcassets in Resources */,
			);
			runOnlyForDeploymentPostprocessing = 0;
		};
		3DB6E12226B3EEF00026326B /* Resources */ = {
			isa = PBXResourcesBuildPhase;
			buildActionMask = 2147483647;
			files = (
			);
			runOnlyForDeploymentPostprocessing = 0;
		};
		3DB6E12D26B3EEF00026326B /* Resources */ = {
			isa = PBXResourcesBuildPhase;
			buildActionMask = 2147483647;
			files = (
			);
			runOnlyForDeploymentPostprocessing = 0;
		};
/* End PBXResourcesBuildPhase section */

/* Begin PBXSourcesBuildPhase section */
		3DB6E10A26B3EEEF0026326B /* Sources */ = {
			isa = PBXSourcesBuildPhase;
			buildActionMask = 2147483647;
			files = (
				3DB6E14526B3F8270026326B /* HomeViewModel.swift in Sources */,
				3DB6E11626B3EEEF0026326B /* HomeViewController.swift in Sources */,
				3DB6E11226B3EEEF0026326B /* AppDelegate.swift in Sources */,
				3DB6E14A26B401B40026326B /* ForecaClient.swift in Sources */,
				3DB6E14826B400AC0026326B /* WeatherObservation.swift in Sources */,
				3DC59FD226B7F65D00F8CA3B /* AppCoordinator.swift in Sources */,
			);
			runOnlyForDeploymentPostprocessing = 0;
		};
		3DB6E12026B3EEF00026326B /* Sources */ = {
			isa = PBXSourcesBuildPhase;
			buildActionMask = 2147483647;
			files = (
				3DB6E12926B3EEF00026326B /* ForecappTests.swift in Sources */,
			);
			runOnlyForDeploymentPostprocessing = 0;
		};
		3DB6E12B26B3EEF00026326B /* Sources */ = {
			isa = PBXSourcesBuildPhase;
			buildActionMask = 2147483647;
			files = (
				3DB6E13426B3EEF00026326B /* ForecappUITests.swift in Sources */,
			);
			runOnlyForDeploymentPostprocessing = 0;
		};
/* End PBXSourcesBuildPhase section */

/* Begin PBXTargetDependency section */
		3DB6E12626B3EEF00026326B /* PBXTargetDependency */ = {
			isa = PBXTargetDependency;
			target = 3DB6E10D26B3EEEF0026326B /* Forecapp */;
			targetProxy = 3DB6E12526B3EEF00026326B /* PBXContainerItemProxy */;
		};
		3DB6E13126B3EEF00026326B /* PBXTargetDependency */ = {
			isa = PBXTargetDependency;
			target = 3DB6E10D26B3EEEF0026326B /* Forecapp */;
			targetProxy = 3DB6E13026B3EEF00026326B /* PBXContainerItemProxy */;
		};
/* End PBXTargetDependency section */

/* Begin XCBuildConfiguration section */
		3DB6E13626B3EEF00026326B /* Debug */ = {
			isa = XCBuildConfiguration;
			buildSettings = {
				ALWAYS_SEARCH_USER_PATHS = NO;
				CLANG_ANALYZER_NONNULL = YES;
				CLANG_ANALYZER_NUMBER_OBJECT_CONVERSION = YES_AGGRESSIVE;
				CLANG_CXX_LANGUAGE_STANDARD = "gnu++14";
				CLANG_CXX_LIBRARY = "libc++";
				CLANG_ENABLE_MODULES = YES;
				CLANG_ENABLE_OBJC_ARC = YES;
				CLANG_ENABLE_OBJC_WEAK = YES;
				CLANG_WARN_BLOCK_CAPTURE_AUTORELEASING = YES;
				CLANG_WARN_BOOL_CONVERSION = YES;
				CLANG_WARN_COMMA = YES;
				CLANG_WARN_CONSTANT_CONVERSION = YES;
				CLANG_WARN_DEPRECATED_OBJC_IMPLEMENTATIONS = YES;
				CLANG_WARN_DIRECT_OBJC_ISA_USAGE = YES_ERROR;
				CLANG_WARN_DOCUMENTATION_COMMENTS = YES;
				CLANG_WARN_EMPTY_BODY = YES;
				CLANG_WARN_ENUM_CONVERSION = YES;
				CLANG_WARN_INFINITE_RECURSION = YES;
				CLANG_WARN_INT_CONVERSION = YES;
				CLANG_WARN_NON_LITERAL_NULL_CONVERSION = YES;
				CLANG_WARN_OBJC_IMPLICIT_RETAIN_SELF = YES;
				CLANG_WARN_OBJC_LITERAL_CONVERSION = YES;
				CLANG_WARN_OBJC_ROOT_CLASS = YES_ERROR;
				CLANG_WARN_QUOTED_INCLUDE_IN_FRAMEWORK_HEADER = YES;
				CLANG_WARN_RANGE_LOOP_ANALYSIS = YES;
				CLANG_WARN_STRICT_PROTOTYPES = YES;
				CLANG_WARN_SUSPICIOUS_MOVE = YES;
				CLANG_WARN_UNGUARDED_AVAILABILITY = YES_AGGRESSIVE;
				CLANG_WARN_UNREACHABLE_CODE = YES;
				CLANG_WARN__DUPLICATE_METHOD_MATCH = YES;
				COPY_PHASE_STRIP = NO;
				DEBUG_INFORMATION_FORMAT = dwarf;
				ENABLE_STRICT_OBJC_MSGSEND = YES;
				ENABLE_TESTABILITY = YES;
				GCC_C_LANGUAGE_STANDARD = gnu11;
				GCC_DYNAMIC_NO_PIC = NO;
				GCC_NO_COMMON_BLOCKS = YES;
				GCC_OPTIMIZATION_LEVEL = 0;
				GCC_PREPROCESSOR_DEFINITIONS = (
					"DEBUG=1",
					"$(inherited)",
				);
				GCC_WARN_64_TO_32_BIT_CONVERSION = YES;
				GCC_WARN_ABOUT_RETURN_TYPE = YES_ERROR;
				GCC_WARN_UNDECLARED_SELECTOR = YES;
				GCC_WARN_UNINITIALIZED_AUTOS = YES_AGGRESSIVE;
				GCC_WARN_UNUSED_FUNCTION = YES;
				GCC_WARN_UNUSED_VARIABLE = YES;
				IPHONEOS_DEPLOYMENT_TARGET = 14.5;
				MTL_ENABLE_DEBUG_INFO = INCLUDE_SOURCE;
				MTL_FAST_MATH = YES;
				ONLY_ACTIVE_ARCH = YES;
				SDKROOT = iphoneos;
				SWIFT_ACTIVE_COMPILATION_CONDITIONS = DEBUG;
				SWIFT_OPTIMIZATION_LEVEL = "-Onone";
			};
			name = Debug;
		};
		3DB6E13726B3EEF00026326B /* Release */ = {
			isa = XCBuildConfiguration;
			buildSettings = {
				ALWAYS_SEARCH_USER_PATHS = NO;
				CLANG_ANALYZER_NONNULL = YES;
				CLANG_ANALYZER_NUMBER_OBJECT_CONVERSION = YES_AGGRESSIVE;
				CLANG_CXX_LANGUAGE_STANDARD = "gnu++14";
				CLANG_CXX_LIBRARY = "libc++";
				CLANG_ENABLE_MODULES = YES;
				CLANG_ENABLE_OBJC_ARC = YES;
				CLANG_ENABLE_OBJC_WEAK = YES;
				CLANG_WARN_BLOCK_CAPTURE_AUTORELEASING = YES;
				CLANG_WARN_BOOL_CONVERSION = YES;
				CLANG_WARN_COMMA = YES;
				CLANG_WARN_CONSTANT_CONVERSION = YES;
				CLANG_WARN_DEPRECATED_OBJC_IMPLEMENTATIONS = YES;
				CLANG_WARN_DIRECT_OBJC_ISA_USAGE = YES_ERROR;
				CLANG_WARN_DOCUMENTATION_COMMENTS = YES;
				CLANG_WARN_EMPTY_BODY = YES;
				CLANG_WARN_ENUM_CONVERSION = YES;
				CLANG_WARN_INFINITE_RECURSION = YES;
				CLANG_WARN_INT_CONVERSION = YES;
				CLANG_WARN_NON_LITERAL_NULL_CONVERSION = YES;
				CLANG_WARN_OBJC_IMPLICIT_RETAIN_SELF = YES;
				CLANG_WARN_OBJC_LITERAL_CONVERSION = YES;
				CLANG_WARN_OBJC_ROOT_CLASS = YES_ERROR;
				CLANG_WARN_QUOTED_INCLUDE_IN_FRAMEWORK_HEADER = YES;
				CLANG_WARN_RANGE_LOOP_ANALYSIS = YES;
				CLANG_WARN_STRICT_PROTOTYPES = YES;
				CLANG_WARN_SUSPICIOUS_MOVE = YES;
				CLANG_WARN_UNGUARDED_AVAILABILITY = YES_AGGRESSIVE;
				CLANG_WARN_UNREACHABLE_CODE = YES;
				CLANG_WARN__DUPLICATE_METHOD_MATCH = YES;
				COPY_PHASE_STRIP = NO;
				DEBUG_INFORMATION_FORMAT = "dwarf-with-dsym";
				ENABLE_NS_ASSERTIONS = NO;
				ENABLE_STRICT_OBJC_MSGSEND = YES;
				GCC_C_LANGUAGE_STANDARD = gnu11;
				GCC_NO_COMMON_BLOCKS = YES;
				GCC_WARN_64_TO_32_BIT_CONVERSION = YES;
				GCC_WARN_ABOUT_RETURN_TYPE = YES_ERROR;
				GCC_WARN_UNDECLARED_SELECTOR = YES;
				GCC_WARN_UNINITIALIZED_AUTOS = YES_AGGRESSIVE;
				GCC_WARN_UNUSED_FUNCTION = YES;
				GCC_WARN_UNUSED_VARIABLE = YES;
				IPHONEOS_DEPLOYMENT_TARGET = 14.5;
				MTL_ENABLE_DEBUG_INFO = NO;
				MTL_FAST_MATH = YES;
				SDKROOT = iphoneos;
				SWIFT_COMPILATION_MODE = wholemodule;
				SWIFT_OPTIMIZATION_LEVEL = "-O";
				VALIDATE_PRODUCT = YES;
			};
			name = Release;
		};
		3DB6E13926B3EEF00026326B /* Debug */ = {
			isa = XCBuildConfiguration;
			buildSettings = {
				ASSETCATALOG_COMPILER_APPICON_NAME = AppIcon;
				ASSETCATALOG_COMPILER_GLOBAL_ACCENT_COLOR_NAME = AccentColor;
				CODE_SIGN_STYLE = Automatic;
				DEVELOPMENT_TEAM = 832TNJL38F;
				INFOPLIST_FILE = Forecapp/Info.plist;
				IPHONEOS_DEPLOYMENT_TARGET = 13.0;
				LD_RUNPATH_SEARCH_PATHS = (
					"$(inherited)",
					"@executable_path/Frameworks",
				);
				PRODUCT_BUNDLE_IDENTIFIER = fr.linecheck.Forecapp;
				PRODUCT_NAME = "$(TARGET_NAME)";
				SWIFT_VERSION = 5.0;
				TARGETED_DEVICE_FAMILY = "1,2";
			};
			name = Debug;
		};
		3DB6E13A26B3EEF00026326B /* Release */ = {
			isa = XCBuildConfiguration;
			buildSettings = {
				ASSETCATALOG_COMPILER_APPICON_NAME = AppIcon;
				ASSETCATALOG_COMPILER_GLOBAL_ACCENT_COLOR_NAME = AccentColor;
				CODE_SIGN_STYLE = Automatic;
				DEVELOPMENT_TEAM = 832TNJL38F;
				INFOPLIST_FILE = Forecapp/Info.plist;
				IPHONEOS_DEPLOYMENT_TARGET = 13.0;
				LD_RUNPATH_SEARCH_PATHS = (
					"$(inherited)",
					"@executable_path/Frameworks",
				);
				PRODUCT_BUNDLE_IDENTIFIER = fr.linecheck.Forecapp;
				PRODUCT_NAME = "$(TARGET_NAME)";
				SWIFT_VERSION = 5.0;
				TARGETED_DEVICE_FAMILY = "1,2";
			};
			name = Release;
		};
		3DB6E13C26B3EEF00026326B /* Debug */ = {
			isa = XCBuildConfiguration;
			buildSettings = {
				ALWAYS_EMBED_SWIFT_STANDARD_LIBRARIES = YES;
				BUNDLE_LOADER = "$(TEST_HOST)";
				CODE_SIGN_STYLE = Automatic;
				DEVELOPMENT_TEAM = 832TNJL38F;
				INFOPLIST_FILE = ForecappTests/Info.plist;
				IPHONEOS_DEPLOYMENT_TARGET = 14.5;
				LD_RUNPATH_SEARCH_PATHS = (
					"$(inherited)",
					"@executable_path/Frameworks",
					"@loader_path/Frameworks",
				);
				PRODUCT_BUNDLE_IDENTIFIER = fr.linecheck.ForecappTests;
				PRODUCT_NAME = "$(TARGET_NAME)";
				SWIFT_VERSION = 5.0;
				TARGETED_DEVICE_FAMILY = "1,2";
				TEST_HOST = "$(BUILT_PRODUCTS_DIR)/Forecapp.app/Forecapp";
			};
			name = Debug;
		};
		3DB6E13D26B3EEF00026326B /* Release */ = {
			isa = XCBuildConfiguration;
			buildSettings = {
				ALWAYS_EMBED_SWIFT_STANDARD_LIBRARIES = YES;
				BUNDLE_LOADER = "$(TEST_HOST)";
				CODE_SIGN_STYLE = Automatic;
				DEVELOPMENT_TEAM = 832TNJL38F;
				INFOPLIST_FILE = ForecappTests/Info.plist;
				IPHONEOS_DEPLOYMENT_TARGET = 14.5;
				LD_RUNPATH_SEARCH_PATHS = (
					"$(inherited)",
					"@executable_path/Frameworks",
					"@loader_path/Frameworks",
				);
				PRODUCT_BUNDLE_IDENTIFIER = fr.linecheck.ForecappTests;
				PRODUCT_NAME = "$(TARGET_NAME)";
				SWIFT_VERSION = 5.0;
				TARGETED_DEVICE_FAMILY = "1,2";
				TEST_HOST = "$(BUILT_PRODUCTS_DIR)/Forecapp.app/Forecapp";
			};
			name = Release;
		};
		3DB6E13F26B3EEF00026326B /* Debug */ = {
			isa = XCBuildConfiguration;
			buildSettings = {
				ALWAYS_EMBED_SWIFT_STANDARD_LIBRARIES = YES;
				CODE_SIGN_STYLE = Automatic;
				DEVELOPMENT_TEAM = 832TNJL38F;
				INFOPLIST_FILE = ForecappUITests/Info.plist;
				LD_RUNPATH_SEARCH_PATHS = (
					"$(inherited)",
					"@executable_path/Frameworks",
					"@loader_path/Frameworks",
				);
				PRODUCT_BUNDLE_IDENTIFIER = fr.linecheck.ForecappUITests;
				PRODUCT_NAME = "$(TARGET_NAME)";
				SWIFT_VERSION = 5.0;
				TARGETED_DEVICE_FAMILY = "1,2";
				TEST_TARGET_NAME = Forecapp;
			};
			name = Debug;
		};
		3DB6E14026B3EEF00026326B /* Release */ = {
			isa = XCBuildConfiguration;
			buildSettings = {
				ALWAYS_EMBED_SWIFT_STANDARD_LIBRARIES = YES;
				CODE_SIGN_STYLE = Automatic;
				DEVELOPMENT_TEAM = 832TNJL38F;
				INFOPLIST_FILE = ForecappUITests/Info.plist;
				LD_RUNPATH_SEARCH_PATHS = (
					"$(inherited)",
					"@executable_path/Frameworks",
					"@loader_path/Frameworks",
				);
				PRODUCT_BUNDLE_IDENTIFIER = fr.linecheck.ForecappUITests;
				PRODUCT_NAME = "$(TARGET_NAME)";
				SWIFT_VERSION = 5.0;
				TARGETED_DEVICE_FAMILY = "1,2";
				TEST_TARGET_NAME = Forecapp;
			};
			name = Release;
		};
/* End XCBuildConfiguration section */

/* Begin XCConfigurationList section */
		3DB6E10926B3EEEF0026326B /* Build configuration list for PBXProject "Forecapp" */ = {
			isa = XCConfigurationList;
			buildConfigurations = (
				3DB6E13626B3EEF00026326B /* Debug */,
				3DB6E13726B3EEF00026326B /* Release */,
			);
			defaultConfigurationIsVisible = 0;
			defaultConfigurationName = Release;
		};
		3DB6E13826B3EEF00026326B /* Build configuration list for PBXNativeTarget "Forecapp" */ = {
			isa = XCConfigurationList;
			buildConfigurations = (
				3DB6E13926B3EEF00026326B /* Debug */,
				3DB6E13A26B3EEF00026326B /* Release */,
			);
			defaultConfigurationIsVisible = 0;
			defaultConfigurationName = Release;
		};
		3DB6E13B26B3EEF00026326B /* Build configuration list for PBXNativeTarget "ForecappTests" */ = {
			isa = XCConfigurationList;
			buildConfigurations = (
				3DB6E13C26B3EEF00026326B /* Debug */,
				3DB6E13D26B3EEF00026326B /* Release */,
			);
			defaultConfigurationIsVisible = 0;
			defaultConfigurationName = Release;
		};
		3DB6E13E26B3EEF00026326B /* Build configuration list for PBXNativeTarget "ForecappUITests" */ = {
			isa = XCConfigurationList;
			buildConfigurations = (
				3DB6E13F26B3EEF00026326B /* Debug */,
				3DB6E14026B3EEF00026326B /* Release */,
			);
			defaultConfigurationIsVisible = 0;
			defaultConfigurationName = Release;
		};
/* End XCConfigurationList section */
	};
	rootObject = 3DB6E10626B3EEEF0026326B /* Project object */;
}
